// !$*UTF8*$!
{
	archiveVersion = 1;
	classes = {
	};
	objectVersion = 50;
	objects = {

/* Begin PBXBuildFile section */
		A373FEF824FBCA2200912C62 /* AppDelegate.swift in Sources */ = {isa = PBXBuildFile; fileRef = A373FEF724FBCA2200912C62 /* AppDelegate.swift */; };
		A373FEFA24FBCA2200912C62 /* SceneDelegate.swift in Sources */ = {isa = PBXBuildFile; fileRef = A373FEF924FBCA2200912C62 /* SceneDelegate.swift */; };
		A373FEFC24FBCA2200912C62 /* ViewController.swift in Sources */ = {isa = PBXBuildFile; fileRef = A373FEFB24FBCA2200912C62 /* ViewController.swift */; };
		A373FEFF24FBCA2200912C62 /* Main.storyboard in Resources */ = {isa = PBXBuildFile; fileRef = A373FEFD24FBCA2200912C62 /* Main.storyboard */; };
		A373FF0124FBCA2300912C62 /* Assets.xcassets in Resources */ = {isa = PBXBuildFile; fileRef = A373FF0024FBCA2300912C62 /* Assets.xcassets */; };
		A373FF0424FBCA2300912C62 /* LaunchScreen.storyboard in Resources */ = {isa = PBXBuildFile; fileRef = A373FF0224FBCA2300912C62 /* LaunchScreen.storyboard */; };
/* End PBXBuildFile section */

/* Begin PBXFileReference section */
		A373FEF424FBCA2200912C62 /* 53_alamofireTest.app */ = {isa = PBXFileReference; explicitFileType = wrapper.application; includeInIndex = 0; path = 53_alamofireTest.app; sourceTree = BUILT_PRODUCTS_DIR; };
		A373FEF724FBCA2200912C62 /* AppDelegate.swift */ = {isa = PBXFileReference; lastKnownFileType = sourcecode.swift; path = AppDelegate.swift; sourceTree = "<group>"; };
		A373FEF924FBCA2200912C62 /* SceneDelegate.swift */ = {isa = PBXFileReference; lastKnownFileType = sourcecode.swift; path = SceneDelegate.swift; sourceTree = "<group>"; };
		A373FEFB24FBCA2200912C62 /* ViewController.swift */ = {isa = PBXFileReference; lastKnownFileType = sourcecode.swift; path = ViewController.swift; sourceTree = "<group>"; };
		A373FEFE24FBCA2200912C62 /* Base */ = {isa = PBXFileReference; lastKnownFileType = file.storyboard; name = Base; path = Base.lproj/Main.storyboard; sourceTree = "<group>"; };
		A373FF0024FBCA2300912C62 /* Assets.xcassets */ = {isa = PBXFileReference; lastKnownFileType = folder.assetcatalog; path = Assets.xcassets; sourceTree = "<group>"; };
		A373FF0324FBCA2300912C62 /* Base */ = {isa = PBXFileReference; lastKnownFileType = file.storyboard; name = Base; path = Base.lproj/LaunchScreen.storyboard; sourceTree = "<group>"; };
		A373FF0524FBCA2300912C62 /* Info.plist */ = {isa = PBXFileReference; lastKnownFileType = text.plist.xml; path = Info.plist; sourceTree = "<group>"; };
/* End PBXFileReference section */

/* Begin PBXFrameworksBuildPhase section */
		A373FEF124FBCA2200912C62 /* Frameworks */ = {
			isa = PBXFrameworksBuildPhase;
			buildActionMask = 2147483647;
			files = (
			);
			runOnlyForDeploymentPostprocessing = 0;
		};
/* End PBXFrameworksBuildPhase section */

/* Begin PBXGroup section */
		A373FEEB24FBCA2200912C62 = {
			isa = PBXGroup;
			children = (
				A373FEF624FBCA2200912C62 /* 53_alamofireTest */,
				A373FEF524FBCA2200912C62 /* Products */,
			);
			sourceTree = "<group>";
		};
		A373FEF524FBCA2200912C62 /* Products */ = {
			isa = PBXGroup;
			children = (
				A373FEF424FBCA2200912C62 /* 53_alamofireTest.app */,
			);
			name = Products;
			sourceTree = "<group>";
		};
		A373FEF624FBCA2200912C62 /* 53_alamofireTest */ = {
			isa = PBXGroup;
			children = (
				A373FEF724FBCA2200912C62 /* AppDelegate.swift */,
				A373FEF924FBCA2200912C62 /* SceneDelegate.swift */,
				A373FEFB24FBCA2200912C62 /* ViewController.swift */,
				A373FEFD24FBCA2200912C62 /* Main.storyboard */,
				A373FF0024FBCA2300912C62 /* Assets.xcassets */,
				A373FF0224FBCA2300912C62 /* LaunchScreen.storyboard */,
				A373FF0524FBCA2300912C62 /* Info.plist */,
			);
			path = 53_alamofireTest;
			sourceTree = "<group>";
		};
/* End PBXGroup section */

/* Begin PBXNativeTarget section */
		A373FEF324FBCA2200912C62 /* 53_alamofireTest */ = {
			isa = PBXNativeTarget;
			buildConfigurationList = A373FF0824FBCA2300912C62 /* Build configuration list for PBXNativeTarget "53_alamofireTest" */;
			buildPhases = (
				A373FEF024FBCA2200912C62 /* Sources */,
				A373FEF124FBCA2200912C62 /* Frameworks */,
				A373FEF224FBCA2200912C62 /* Resources */,
			);
			buildRules = (
			);
			dependencies = (
			);
			name = 53_alamofireTest;
			productName = 53_alamofireTest;
			productReference = A373FEF424FBCA2200912C62 /* 53_alamofireTest.app */;
			productType = "com.apple.product-type.application";
		};
/* End PBXNativeTarget section */

/* Begin PBXProject section */
		A373FEEC24FBCA2200912C62 /* Project object */ = {
			isa = PBXProject;
			attributes = {
				LastSwiftUpdateCheck = 1160;
				LastUpgradeCheck = 1160;
				ORGANIZATIONNAME = fedir;
				TargetAttributes = {
					A373FEF324FBCA2200912C62 = {
						CreatedOnToolsVersion = 11.6;
					};
				};
			};
			buildConfigurationList = A373FEEF24FBCA2200912C62 /* Build configuration list for PBXProject "53_alamofireTest" */;
			compatibilityVersion = "Xcode 9.3";
			developmentRegion = en;
			hasScannedForEncodings = 0;
			knownRegions = (
				en,
				Base,
			);
			mainGroup = A373FEEB24FBCA2200912C62;
			productRefGroup = A373FEF524FBCA2200912C62 /* Products */;
			projectDirPath = "";
			projectRoot = "";
			targets = (
				A373FEF324FBCA2200912C62 /* 53_alamofireTest */,
			);
		};
/* End PBXProject section */

/* Begin PBXResourcesBuildPhase section */
		A373FEF224FBCA2200912C62 /* Resources */ = {
			isa = PBXResourcesBuildPhase;
			buildActionMask = 2147483647;
			files = (
				A373FF0424FBCA2300912C62 /* LaunchScreen.storyboard in Resources */,
				A373FF0124FBCA2300912C62 /* Assets.xcassets in Resources */,
				A373FEFF24FBCA2200912C62 /* Main.storyboard in Resources */,
			);
			runOnlyForDeploymentPostprocessing = 0;
		};
/* End PBXResourcesBuildPhase section */

/* Begin PBXSourcesBuildPhase section */
		A373FEF024FBCA2200912C62 /* Sources */ = {
			isa = PBXSourcesBuildPhase;
			buildActionMask = 2147483647;
			files = (
				A373FEFC24FBCA2200912C62 /* ViewController.swift in Sources */,
				A373FEF824FBCA2200912C62 /* AppDelegate.swift in Sources */,
				A373FEFA24FBCA2200912C62 /* SceneDelegate.swift in Sources */,
			);
			runOnlyForDeploymentPostprocessing = 0;
		};
/* End PBXSourcesBuildPhase section */

/* Begin PBXVariantGroup section */
		A373FEFD24FBCA2200912C62 /* Main.storyboard */ = {
			isa = PBXVariantGroup;
			children = (
				A373FEFE24FBCA2200912C62 /* Base */,
			);
			name = Main.storyboard;
			sourceTree = "<group>";
		};
		A373FF0224FBCA2300912C62 /* LaunchScreen.storyboard */ = {
			isa = PBXVariantGroup;
			children = (
				A373FF0324FBCA2300912C62 /* Base */,
			);
			name = LaunchScreen.storyboard;
			sourceTree = "<group>";
		};
/* End PBXVariantGroup section */

/* Begin XCBuildConfiguration section */
		A373FF0624FBCA2300912C62 /* Debug */ = {
			isa = XCBuildConfiguration;
			buildSettings = {
				ALWAYS_SEARCH_USER_PATHS = NO;
				CLANG_ANALYZER_NONNULL = YES;
				CLANG_ANALYZER_NUMBER_OBJECT_CONVERSION = YES_AGGRESSIVE;
				CLANG_CXX_LANGUAGE_STANDARD = "gnu++14";
				CLANG_CXX_LIBRARY = "libc++";
				CLANG_ENABLE_MODULES = YES;
				CLANG_ENABLE_OBJC_ARC = YES;
				CLANG_ENABLE_OBJC_WEAK = YES;
				CLANG_WARN_BLOCK_CAPTURE_AUTORELEASING = YES;
				CLANG_WARN_BOOL_CONVERSION = YES;
				CLANG_WARN_COMMA = YES;
				CLANG_WARN_CONSTANT_CONVERSION = YES;
				CLANG_WARN_DEPRECATED_OBJC_IMPLEMENTATIONS = YES;
				CLANG_WARN_DIRECT_OBJC_ISA_USAGE = YES_ERROR;
				CLANG_WARN_DOCUMENTATION_COMMENTS = YES;
				CLANG_WARN_EMPTY_BODY = YES;
				CLANG_WARN_ENUM_CONVERSION = YES;
				CLANG_WARN_INFINITE_RECURSION = YES;
				CLANG_WARN_INT_CONVERSION = YES;
				CLANG_WARN_NON_LITERAL_NULL_CONVERSION = YES;
				CLANG_WARN_OBJC_IMPLICIT_RETAIN_SELF = YES;
				CLANG_WARN_OBJC_LITERAL_CONVERSION = YES;
				CLANG_WARN_OBJC_ROOT_CLASS = YES_ERROR;
				CLANG_WARN_RANGE_LOOP_ANALYSIS = YES;
				CLANG_WARN_STRICT_PROTOTYPES = YES;
				CLANG_WARN_SUSPICIOUS_MOVE = YES;
				CLANG_WARN_UNGUARDED_AVAILABILITY = YES_AGGRESSIVE;
				CLANG_WARN_UNREACHABLE_CODE = YES;
				CLANG_WARN__DUPLICATE_METHOD_MATCH = YES;
				COPY_PHASE_STRIP = NO;
				DEBUG_INFORMATION_FORMAT = dwarf;
				ENABLE_STRICT_OBJC_MSGSEND = YES;
				ENABLE_TESTABILITY = YES;
				GCC_C_LANGUAGE_STANDARD = gnu11;
				GCC_DYNAMIC_NO_PIC = NO;
				GCC_NO_COMMON_BLOCKS = YES;
				GCC_OPTIMIZATION_LEVEL = 0;
				GCC_PREPROCESSOR_DEFINITIONS = (
					"DEBUG=1",
					"$(inherited)",
				);
				GCC_WARN_64_TO_32_BIT_CONVERSION = YES;
				GCC_WARN_ABOUT_RETURN_TYPE = YES_ERROR;
				GCC_WARN_UNDECLARED_SELECTOR = YES;
				GCC_WARN_UNINITIALIZED_AUTOS = YES_AGGRESSIVE;
				GCC_WARN_UNUSED_FUNCTION = YES;
				GCC_WARN_UNUSED_VARIABLE = YES;
				IPHONEOS_DEPLOYMENT_TARGET = 13.6;
				MTL_ENABLE_DEBUG_INFO = INCLUDE_SOURCE;
				MTL_FAST_MATH = YES;
				ONLY_ACTIVE_ARCH = YES;
				SDKROOT = iphoneos;
				SWIFT_ACTIVE_COMPILATION_CONDITIONS = DEBUG;
				SWIFT_OPTIMIZATION_LEVEL = "-Onone";
			};
			name = Debug;
		};
		A373FF0724FBCA2300912C62 /* Release */ = {
			isa = XCBuildConfiguration;
			buildSettings = {
				ALWAYS_SEARCH_USER_PATHS = NO;
				CLANG_ANALYZER_NONNULL = YES;
				CLANG_ANALYZER_NUMBER_OBJECT_CONVERSION = YES_AGGRESSIVE;
				CLANG_CXX_LANGUAGE_STANDARD = "gnu++14";
				CLANG_CXX_LIBRARY = "libc++";
				CLANG_ENABLE_MODULES = YES;
				CLANG_ENABLE_OBJC_ARC = YES;
				CLANG_ENABLE_OBJC_WEAK = YES;
				CLANG_WARN_BLOCK_CAPTURE_AUTORELEASING = YES;
				CLANG_WARN_BOOL_CONVERSION = YES;
				CLANG_WARN_COMMA = YES;
				CLANG_WARN_CONSTANT_CONVERSION = YES;
				CLANG_WARN_DEPRECATED_OBJC_IMPLEMENTATIONS = YES;
				CLANG_WARN_DIRECT_OBJC_ISA_USAGE = YES_ERROR;
				CLANG_WARN_DOCUMENTATION_COMMENTS = YES;
				CLANG_WARN_EMPTY_BODY = YES;
				CLANG_WARN_ENUM_CONVERSION = YES;
				CLANG_WARN_INFINITE_RECURSION = YES;
				CLANG_WARN_INT_CONVERSION = YES;
				CLANG_WARN_NON_LITERAL_NULL_CONVERSION = YES;
				CLANG_WARN_OBJC_IMPLICIT_RETAIN_SELF = YES;
				CLANG_WARN_OBJC_LITERAL_CONVERSION = YES;
				CLANG_WARN_OBJC_ROOT_CLASS = YES_ERROR;
				CLANG_WARN_RANGE_LOOP_ANALYSIS = YES;
				CLANG_WARN_STRICT_PROTOTYPES = YES;
				CLANG_WARN_SUSPICIOUS_MOVE = YES;
				CLANG_WARN_UNGUARDED_AVAILABILITY = YES_AGGRESSIVE;
				CLANG_WARN_UNREACHABLE_CODE = YES;
				CLANG_WARN__DUPLICATE_METHOD_MATCH = YES;
				COPY_PHASE_STRIP = NO;
				DEBUG_INFORMATION_FORMAT = "dwarf-with-dsym";
				ENABLE_NS_ASSERTIONS = NO;
				ENABLE_STRICT_OBJC_MSGSEND = YES;
				GCC_C_LANGUAGE_STANDARD = gnu11;
				GCC_NO_COMMON_BLOCKS = YES;
				GCC_WARN_64_TO_32_BIT_CONVERSION = YES;
				GCC_WARN_ABOUT_RETURN_TYPE = YES_ERROR;
				GCC_WARN_UNDECLARED_SELECTOR = YES;
				GCC_WARN_UNINITIALIZED_AUTOS = YES_AGGRESSIVE;
				GCC_WARN_UNUSED_FUNCTION = YES;
				GCC_WARN_UNUSED_VARIABLE = YES;
				IPHONEOS_DEPLOYMENT_TARGET = 13.6;
				MTL_ENABLE_DEBUG_INFO = NO;
				MTL_FAST_MATH = YES;
				SDKROOT = iphoneos;
				SWIFT_COMPILATION_MODE = wholemodule;
				SWIFT_OPTIMIZATION_LEVEL = "-O";
				VALIDATE_PRODUCT = YES;
			};
			name = Release;
		};
		A373FF0924FBCA2300912C62 /* Debug */ = {
			isa = XCBuildConfiguration;
			buildSettings = {
				ASSETCATALOG_COMPILER_APPICON_NAME = AppIcon;
				CODE_SIGN_STYLE = Automatic;
				DEVELOPMENT_TEAM = YPXDVQFQ53;
				INFOPLIST_FILE = 53_alamofireTest/Info.plist;
				LD_RUNPATH_SEARCH_PATHS = (
					"$(inherited)",
					"@executable_path/Frameworks",
				);
				PRODUCT_BUNDLE_IDENTIFIER = "fedir72.-3-alamofireTest";
				PRODUCT_NAME = "$(TARGET_NAME)";
				SWIFT_VERSION = 5.0;
				TARGETED_DEVICE_FAMILY = "1,2";
			};
			name = Debug;
		};
		A373FF0A24FBCA2300912C62 /* Release */ = {
			isa = XCBuildConfiguration;
			buildSettings = {
				ASSETCATALOG_COMPILER_APPICON_NAME = AppIcon;
				CODE_SIGN_STYLE = Automatic;
				DEVELOPMENT_TEAM = YPXDVQFQ53;
				INFOPLIST_FILE = 53_alamofireTest/Info.plist;
				LD_RUNPATH_SEARCH_PATHS = (
					"$(inherited)",
					"@executable_path/Frameworks",
				);
				PRODUCT_BUNDLE_IDENTIFIER = "fedir72.-3-alamofireTest";
				PRODUCT_NAME = "$(TARGET_NAME)";
				SWIFT_VERSION = 5.0;
				TARGETED_DEVICE_FAMILY = "1,2";
			};
			name = Release;
		};
/* End XCBuildConfiguration section */

/* Begin XCConfigurationList section */
		A373FEEF24FBCA2200912C62 /* Build configuration list for PBXProject "53_alamofireTest" */ = {
			isa = XCConfigurationList;
			buildConfigurations = (
				A373FF0624FBCA2300912C62 /* Debug */,
				A373FF0724FBCA2300912C62 /* Release */,
			);
			defaultConfigurationIsVisible = 0;
			defaultConfigurationName = Release;
		};
		A373FF0824FBCA2300912C62 /* Build configuration list for PBXNativeTarget "53_alamofireTest" */ = {
			isa = XCConfigurationList;
			buildConfigurations = (
				A373FF0924FBCA2300912C62 /* Debug */,
				A373FF0A24FBCA2300912C62 /* Release */,
			);
			defaultConfigurationIsVisible = 0;
			defaultConfigurationName = Release;
		};
/* End XCConfigurationList section */
	};
	rootObject = A373FEEC24FBCA2200912C62 /* Project object */;
}
